
Microsoft Visual Studio Solution File, Format Version 12.00
# Visual Studio Version 16
VisualStudioVersion = 16.0.32602.291
MinimumVisualStudioVersion = 10.0.40219.1
Project("{FAE04EC0-301F-11D3-BF4B-00C04F79EFBC}") = "OOPS_Exception_task", "OOPS_Exception_task.csproj", "{FEC221E4-B71B-42D6-9708-98791FB10578}"
EndProject
Global
	GlobalSection(SolutionConfigurationPlatforms) = preSolution
		Debug|Any CPU = Debug|Any CPU
		Release|Any CPU = Release|Any CPU
	EndGlobalSection
	GlobalSection(ProjectConfigurationPlatforms) = postSolution
		{FEC221E4-B71B-42D6-9708-98791FB10578}.Debug|Any CPU.ActiveCfg = Debug|Any CPU
		{FEC221E4-B71B-42D6-9708-98791FB10578}.Debug|Any CPU.Build.0 = Debug|Any CPU
		{FEC221E4-B71B-42D6-9708-98791FB10578}.Release|Any CPU.ActiveCfg = Release|Any CPU
		{FEC221E4-B71B-42D6-9708-98791FB10578}.Release|Any CPU.Build.0 = Release|Any CPU
	EndGlobalSection
	GlobalSection(SolutionProperties) = preSolution
		HideSolutionNode = FALSE
	EndGlobalSection
	GlobalSection(ExtensibilityGlobals) = postSolution
		SolutionGuid = {F8D0B15B-002A-41B2-9638-A7C2E35DC1C1}
	EndGlobalSection
EndGlobal
